// !$*UTF8*$!
{
	archiveVersion = 1;
	classes = {
	};
	objectVersion = 50;
	objects = {

/* Begin PBXBuildFile section */
		A835584D229664110032CD71 /* DemoCell+Picker.swift in Sources */ = {isa = PBXBuildFile; fileRef = A835584C229664110032CD71 /* DemoCell+Picker.swift */; };
		A835584E229664350032CD71 /* DemoCell.swift in Sources */ = {isa = PBXBuildFile; fileRef = A838B7122294E3320012166B /* DemoCell.swift */; };
		A835584F229664350032CD71 /* DemoCell+CGSize.swift in Sources */ = {isa = PBXBuildFile; fileRef = A838B7132294E3320012166B /* DemoCell+CGSize.swift */; };
		A8355850229664350032CD71 /* DemoCell+Primtive.swift in Sources */ = {isa = PBXBuildFile; fileRef = A838B7142294E3320012166B /* DemoCell+Primtive.swift */; };
		A8355851229664350032CD71 /* DemoCell+Bool.swift in Sources */ = {isa = PBXBuildFile; fileRef = A838B7152294E3320012166B /* DemoCell+Bool.swift */; };
		A8355852229664350032CD71 /* DemoCell+CGPoint.swift in Sources */ = {isa = PBXBuildFile; fileRef = A838B7162294E3320012166B /* DemoCell+CGPoint.swift */; };
		A8355853229664350032CD71 /* DemoCell+CGRect.swift in Sources */ = {isa = PBXBuildFile; fileRef = A838B7172294E3320012166B /* DemoCell+CGRect.swift */; };
		A8355854229664350032CD71 /* DemoCell+UIColor.swift in Sources */ = {isa = PBXBuildFile; fileRef = A838B7182294E3320012166B /* DemoCell+UIColor.swift */; };
		A83558552296643E0032CD71 /* Demo+Demoable.swift in Sources */ = {isa = PBXBuildFile; fileRef = A838B71B2294E3320012166B /* Demo+Demoable.swift */; };
		A83558562296643E0032CD71 /* Demoable.swift in Sources */ = {isa = PBXBuildFile; fileRef = A838B71C2294E3320012166B /* Demoable.swift */; };
		A8355857229664430032CD71 /* DemoConfig.swift in Sources */ = {isa = PBXBuildFile; fileRef = A838B71E2294E3320012166B /* DemoConfig.swift */; };
		A8355858229664430032CD71 /* Limit.swift in Sources */ = {isa = PBXBuildFile; fileRef = A838B71F2294E3320012166B /* Limit.swift */; };
		A8355859229664470032CD71 /* DemoItem.swift in Sources */ = {isa = PBXBuildFile; fileRef = A838B7212294E3320012166B /* DemoItem.swift */; };
		A835585A229664470032CD71 /* DemoShowable.swift in Sources */ = {isa = PBXBuildFile; fileRef = A838B7222294E3320012166B /* DemoShowable.swift */; };
		A835585B229664470032CD71 /* DemoableItem.swift in Sources */ = {isa = PBXBuildFile; fileRef = A838B7232294E3320012166B /* DemoableItem.swift */; };
		A835585C2296644B0032CD71 /* Todo.swift in Sources */ = {isa = PBXBuildFile; fileRef = A838B7242294E3320012166B /* Todo.swift */; };
		A835585D229664500032CD71 /* DemoCellShowable.swift in Sources */ = {isa = PBXBuildFile; fileRef = A838B7262294E3320012166B /* DemoCellShowable.swift */; };
		A835585E229664500032CD71 /* DemoCellRegistable.swift in Sources */ = {isa = PBXBuildFile; fileRef = A838B7272294E3320012166B /* DemoCellRegistable.swift */; };
		A835586A2296656B0032CD71 /* UIExtension.swift in Sources */ = {isa = PBXBuildFile; fileRef = A83558682296656B0032CD71 /* UIExtension.swift */; };
		A835586B2296656B0032CD71 /* View+Custom.swift in Sources */ = {isa = PBXBuildFile; fileRef = A83558692296656B0032CD71 /* View+Custom.swift */; };
		A835586D22966ABF0032CD71 /* DemoInformation.swift in Sources */ = {isa = PBXBuildFile; fileRef = A835586C22966ABF0032CD71 /* DemoInformation.swift */; };
		A835587122979AFA0032CD71 /* DemoCell+CaseIterable.swift in Sources */ = {isa = PBXBuildFile; fileRef = A835587022979AFA0032CD71 /* DemoCell+CaseIterable.swift */; };
		A835587322979B640032CD71 /* DemoCell+OptionSet.swift in Sources */ = {isa = PBXBuildFile; fileRef = A835587222979B640032CD71 /* DemoCell+OptionSet.swift */; };
		A838B7082294E3220012166B /* KPDemo.h in Headers */ = {isa = PBXBuildFile; fileRef = A838B7062294E3220012166B /* KPDemo.h */; settings = {ATTRIBUTES = (Public, ); }; };
		A8DF85E924595ECA001ECCCF /* DemoCell+UIFont.swift in Sources */ = {isa = PBXBuildFile; fileRef = A8DF85E824595ECA001ECCCF /* DemoCell+UIFont.swift */; };
/* End PBXBuildFile section */

/* Begin PBXFileReference section */
		A835584C229664110032CD71 /* DemoCell+Picker.swift */ = {isa = PBXFileReference; lastKnownFileType = sourcecode.swift; path = "DemoCell+Picker.swift"; sourceTree = "<group>"; };
		A83558682296656B0032CD71 /* UIExtension.swift */ = {isa = PBXFileReference; fileEncoding = 4; lastKnownFileType = sourcecode.swift; path = UIExtension.swift; sourceTree = "<group>"; };
		A83558692296656B0032CD71 /* View+Custom.swift */ = {isa = PBXFileReference; fileEncoding = 4; lastKnownFileType = sourcecode.swift; path = "View+Custom.swift"; sourceTree = "<group>"; };
		A835586C22966ABF0032CD71 /* DemoInformation.swift */ = {isa = PBXFileReference; lastKnownFileType = sourcecode.swift; path = DemoInformation.swift; sourceTree = "<group>"; };
		A835587022979AFA0032CD71 /* DemoCell+CaseIterable.swift */ = {isa = PBXFileReference; lastKnownFileType = sourcecode.swift; path = "DemoCell+CaseIterable.swift"; sourceTree = "<group>"; };
		A835587222979B640032CD71 /* DemoCell+OptionSet.swift */ = {isa = PBXFileReference; lastKnownFileType = sourcecode.swift; path = "DemoCell+OptionSet.swift"; sourceTree = "<group>"; };
		A838B7032294E3220012166B /* KPDemo.framework */ = {isa = PBXFileReference; explicitFileType = wrapper.framework; includeInIndex = 0; path = KPDemo.framework; sourceTree = BUILT_PRODUCTS_DIR; };
		A838B7062294E3220012166B /* KPDemo.h */ = {isa = PBXFileReference; lastKnownFileType = sourcecode.c.h; path = KPDemo.h; sourceTree = "<group>"; };
		A838B7072294E3220012166B /* Info.plist */ = {isa = PBXFileReference; lastKnownFileType = text.plist.xml; path = Info.plist; sourceTree = "<group>"; };
		A838B7122294E3320012166B /* DemoCell.swift */ = {isa = PBXFileReference; lastKnownFileType = sourcecode.swift; path = DemoCell.swift; sourceTree = "<group>"; };
		A838B7132294E3320012166B /* DemoCell+CGSize.swift */ = {isa = PBXFileReference; lastKnownFileType = sourcecode.swift; path = "DemoCell+CGSize.swift"; sourceTree = "<group>"; };
		A838B7142294E3320012166B /* DemoCell+Primtive.swift */ = {isa = PBXFileReference; lastKnownFileType = sourcecode.swift; path = "DemoCell+Primtive.swift"; sourceTree = "<group>"; };
		A838B7152294E3320012166B /* DemoCell+Bool.swift */ = {isa = PBXFileReference; lastKnownFileType = sourcecode.swift; path = "DemoCell+Bool.swift"; sourceTree = "<group>"; };
		A838B7162294E3320012166B /* DemoCell+CGPoint.swift */ = {isa = PBXFileReference; lastKnownFileType = sourcecode.swift; path = "DemoCell+CGPoint.swift"; sourceTree = "<group>"; };
		A838B7172294E3320012166B /* DemoCell+CGRect.swift */ = {isa = PBXFileReference; lastKnownFileType = sourcecode.swift; path = "DemoCell+CGRect.swift"; sourceTree = "<group>"; };
		A838B7182294E3320012166B /* DemoCell+UIColor.swift */ = {isa = PBXFileReference; lastKnownFileType = sourcecode.swift; path = "DemoCell+UIColor.swift"; sourceTree = "<group>"; };
		A838B71B2294E3320012166B /* Demo+Demoable.swift */ = {isa = PBXFileReference; lastKnownFileType = sourcecode.swift; path = "Demo+Demoable.swift"; sourceTree = "<group>"; };
		A838B71C2294E3320012166B /* Demoable.swift */ = {isa = PBXFileReference; lastKnownFileType = sourcecode.swift; path = Demoable.swift; sourceTree = "<group>"; };
		A838B71E2294E3320012166B /* DemoConfig.swift */ = {isa = PBXFileReference; lastKnownFileType = sourcecode.swift; path = DemoConfig.swift; sourceTree = "<group>"; };
		A838B71F2294E3320012166B /* Limit.swift */ = {isa = PBXFileReference; lastKnownFileType = sourcecode.swift; path = Limit.swift; sourceTree = "<group>"; };
		A838B7212294E3320012166B /* DemoItem.swift */ = {isa = PBXFileReference; lastKnownFileType = sourcecode.swift; path = DemoItem.swift; sourceTree = "<group>"; };
		A838B7222294E3320012166B /* DemoShowable.swift */ = {isa = PBXFileReference; lastKnownFileType = sourcecode.swift; path = DemoShowable.swift; sourceTree = "<group>"; };
		A838B7232294E3320012166B /* DemoableItem.swift */ = {isa = PBXFileReference; lastKnownFileType = sourcecode.swift; path = DemoableItem.swift; sourceTree = "<group>"; };
		A838B7242294E3320012166B /* Todo.swift */ = {isa = PBXFileReference; lastKnownFileType = sourcecode.swift; path = Todo.swift; sourceTree = "<group>"; };
		A838B7262294E3320012166B /* DemoCellShowable.swift */ = {isa = PBXFileReference; lastKnownFileType = sourcecode.swift; path = DemoCellShowable.swift; sourceTree = "<group>"; };
		A838B7272294E3320012166B /* DemoCellRegistable.swift */ = {isa = PBXFileReference; lastKnownFileType = sourcecode.swift; path = DemoCellRegistable.swift; sourceTree = "<group>"; };
		A8DF85E824595ECA001ECCCF /* DemoCell+UIFont.swift */ = {isa = PBXFileReference; lastKnownFileType = sourcecode.swift; path = "DemoCell+UIFont.swift"; sourceTree = "<group>"; };
/* End PBXFileReference section */

/* Begin PBXFrameworksBuildPhase section */
		A838B7002294E3220012166B /* Frameworks */ = {
			isa = PBXFrameworksBuildPhase;
			buildActionMask = 2147483647;
			files = (
			);
			runOnlyForDeploymentPostprocessing = 0;
		};
/* End PBXFrameworksBuildPhase section */

/* Begin PBXGroup section */
		A8355863229665300032CD71 /* OtherTool */ = {
			isa = PBXGroup;
			children = (
				A83558682296656B0032CD71 /* UIExtension.swift */,
				A83558692296656B0032CD71 /* View+Custom.swift */,
			);
			path = OtherTool;
			sourceTree = "<group>";
		};
		A838B6F92294E3220012166B = {
			isa = PBXGroup;
			children = (
				A838B7052294E3220012166B /* KPDemo */,
				A838B7042294E3220012166B /* Products */,
			);
			sourceTree = "<group>";
		};
		A838B7042294E3220012166B /* Products */ = {
			isa = PBXGroup;
			children = (
				A838B7032294E3220012166B /* KPDemo.framework */,
			);
			name = Products;
			sourceTree = "<group>";
		};
		A838B7052294E3220012166B /* KPDemo */ = {
			isa = PBXGroup;
			children = (
				A8355863229665300032CD71 /* OtherTool */,
				A838B7112294E3320012166B /* Cell */,
				A838B7192294E3320012166B /* Core */,
				A838B7062294E3220012166B /* KPDemo.h */,
				A838B7072294E3220012166B /* Info.plist */,
			);
			path = KPDemo;
			sourceTree = "<group>";
		};
		A838B7112294E3320012166B /* Cell */ = {
			isa = PBXGroup;
			children = (
				A838B7122294E3320012166B /* DemoCell.swift */,
				A838B7142294E3320012166B /* DemoCell+Primtive.swift */,
				A838B7152294E3320012166B /* DemoCell+Bool.swift */,
				A838B7162294E3320012166B /* DemoCell+CGPoint.swift */,
				A838B7132294E3320012166B /* DemoCell+CGSize.swift */,
				A838B7172294E3320012166B /* DemoCell+CGRect.swift */,
				A838B7182294E3320012166B /* DemoCell+UIColor.swift */,
				A8DF85E824595ECA001ECCCF /* DemoCell+UIFont.swift */,
				A835584C229664110032CD71 /* DemoCell+Picker.swift */,
				A835587022979AFA0032CD71 /* DemoCell+CaseIterable.swift */,
				A835587222979B640032CD71 /* DemoCell+OptionSet.swift */,
			);
			path = Cell;
			sourceTree = "<group>";
		};
		A838B7192294E3320012166B /* Core */ = {
			isa = PBXGroup;
			children = (
				A838B7242294E3320012166B /* Todo.swift */,
				A838B71D2294E3320012166B /* Config */,
				A838B71A2294E3320012166B /* Demo */,
				A838B7202294E3320012166B /* DemoItem */,
				A838B7252294E3320012166B /* CellProtocol */,
			);
			path = Core;
			sourceTree = "<group>";
		};
		A838B71A2294E3320012166B /* Demo */ = {
			isa = PBXGroup;
			children = (
				A838B71B2294E3320012166B /* Demo+Demoable.swift */,
				A838B71C2294E3320012166B /* Demoable.swift */,
			);
			path = Demo;
			sourceTree = "<group>";
		};
		A838B71D2294E3320012166B /* Config */ = {
			isa = PBXGroup;
			children = (
				A838B71E2294E3320012166B /* DemoConfig.swift */,
				A838B71F2294E3320012166B /* Limit.swift */,
				A835586C22966ABF0032CD71 /* DemoInformation.swift */,
			);
			path = Config;
			sourceTree = "<group>";
		};
		A838B7202294E3320012166B /* DemoItem */ = {
			isa = PBXGroup;
			children = (
				A838B7212294E3320012166B /* DemoItem.swift */,
				A838B7222294E3320012166B /* DemoShowable.swift */,
				A838B7232294E3320012166B /* DemoableItem.swift */,
			);
			path = DemoItem;
			sourceTree = "<group>";
		};
		A838B7252294E3320012166B /* CellProtocol */ = {
			isa = PBXGroup;
			children = (
				A838B7262294E3320012166B /* DemoCellShowable.swift */,
				A838B7272294E3320012166B /* DemoCellRegistable.swift */,
			);
			path = CellProtocol;
			sourceTree = "<group>";
		};
/* End PBXGroup section */

/* Begin PBXHeadersBuildPhase section */
		A838B6FE2294E3220012166B /* Headers */ = {
			isa = PBXHeadersBuildPhase;
			buildActionMask = 2147483647;
			files = (
				A838B7082294E3220012166B /* KPDemo.h in Headers */,
			);
			runOnlyForDeploymentPostprocessing = 0;
		};
/* End PBXHeadersBuildPhase section */

/* Begin PBXNativeTarget section */
		A838B7022294E3220012166B /* KPDemo */ = {
			isa = PBXNativeTarget;
			buildConfigurationList = A838B70B2294E3220012166B /* Build configuration list for PBXNativeTarget "KPDemo" */;
			buildPhases = (
				A838B6FE2294E3220012166B /* Headers */,
				A838B6FF2294E3220012166B /* Sources */,
				A838B7002294E3220012166B /* Frameworks */,
				A838B7012294E3220012166B /* Resources */,
			);
			buildRules = (
			);
			dependencies = (
			);
			name = KPDemo;
			productName = KPDemo;
			productReference = A838B7032294E3220012166B /* KPDemo.framework */;
			productType = "com.apple.product-type.framework";
		};
/* End PBXNativeTarget section */

/* Begin PBXProject section */
		A838B6FA2294E3220012166B /* Project object */ = {
			isa = PBXProject;
			attributes = {
				LastUpgradeCheck = 1020;
				ORGANIZATIONNAME = Yume;
				TargetAttributes = {
					A838B7022294E3220012166B = {
						CreatedOnToolsVersion = 10.2.1;
						LastSwiftMigration = 1020;
					};
				};
			};
			buildConfigurationList = A838B6FD2294E3220012166B /* Build configuration list for PBXProject "KPDemo" */;
			compatibilityVersion = "Xcode 9.3";
			developmentRegion = en;
			hasScannedForEncodings = 0;
			knownRegions = (
				en,
			);
			mainGroup = A838B6F92294E3220012166B;
			productRefGroup = A838B7042294E3220012166B /* Products */;
			projectDirPath = "";
			projectRoot = "";
			targets = (
				A838B7022294E3220012166B /* KPDemo */,
			);
		};
/* End PBXProject section */

/* Begin PBXResourcesBuildPhase section */
		A838B7012294E3220012166B /* Resources */ = {
			isa = PBXResourcesBuildPhase;
			buildActionMask = 2147483647;
			files = (
			);
			runOnlyForDeploymentPostprocessing = 0;
		};
/* End PBXResourcesBuildPhase section */

/* Begin PBXSourcesBuildPhase section */
		A838B6FF2294E3220012166B /* Sources */ = {
			isa = PBXSourcesBuildPhase;
			buildActionMask = 2147483647;
			files = (
				A835587322979B640032CD71 /* DemoCell+OptionSet.swift in Sources */,
				A835585E229664500032CD71 /* DemoCellRegistable.swift in Sources */,
				A835586B2296656B0032CD71 /* View+Custom.swift in Sources */,
				A835587122979AFA0032CD71 /* DemoCell+CaseIterable.swift in Sources */,
				A835584E229664350032CD71 /* DemoCell.swift in Sources */,
				A8DF85E924595ECA001ECCCF /* DemoCell+UIFont.swift in Sources */,
				A835586D22966ABF0032CD71 /* DemoInformation.swift in Sources */,
				A8355858229664430032CD71 /* Limit.swift in Sources */,
				A8355852229664350032CD71 /* DemoCell+CGPoint.swift in Sources */,
				A835586A2296656B0032CD71 /* UIExtension.swift in Sources */,
				A835585A229664470032CD71 /* DemoShowable.swift in Sources */,
				A83558562296643E0032CD71 /* Demoable.swift in Sources */,
				A835584D229664110032CD71 /* DemoCell+Picker.swift in Sources */,
				A8355853229664350032CD71 /* DemoCell+CGRect.swift in Sources */,
				A835585D229664500032CD71 /* DemoCellShowable.swift in Sources */,
				A835585B229664470032CD71 /* DemoableItem.swift in Sources */,
				A8355857229664430032CD71 /* DemoConfig.swift in Sources */,
				A8355851229664350032CD71 /* DemoCell+Bool.swift in Sources */,
				A8355859229664470032CD71 /* DemoItem.swift in Sources */,
				A835585C2296644B0032CD71 /* Todo.swift in Sources */,
				A83558552296643E0032CD71 /* Demo+Demoable.swift in Sources */,
				A8355850229664350032CD71 /* DemoCell+Primtive.swift in Sources */,
				A8355854229664350032CD71 /* DemoCell+UIColor.swift in Sources */,
				A835584F229664350032CD71 /* DemoCell+CGSize.swift in Sources */,
			);
			runOnlyForDeploymentPostprocessing = 0;
		};
/* End PBXSourcesBuildPhase section */

/* Begin XCBuildConfiguration section */
		A838B7092294E3220012166B /* Debug */ = {
			isa = XCBuildConfiguration;
			buildSettings = {
				ALWAYS_SEARCH_USER_PATHS = NO;
				CLANG_ANALYZER_NONNULL = YES;
				CLANG_ANALYZER_NUMBER_OBJECT_CONVERSION = YES_AGGRESSIVE;
				CLANG_CXX_LANGUAGE_STANDARD = "gnu++14";
				CLANG_CXX_LIBRARY = "libc++";
				CLANG_ENABLE_MODULES = YES;
				CLANG_ENABLE_OBJC_ARC = YES;
				CLANG_ENABLE_OBJC_WEAK = YES;
				CLANG_WARN_BLOCK_CAPTURE_AUTORELEASING = YES;
				CLANG_WARN_BOOL_CONVERSION = YES;
				CLANG_WARN_COMMA = YES;
				CLANG_WARN_CONSTANT_CONVERSION = YES;
				CLANG_WARN_DEPRECATED_OBJC_IMPLEMENTATIONS = YES;
				CLANG_WARN_DIRECT_OBJC_ISA_USAGE = YES_ERROR;
				CLANG_WARN_DOCUMENTATION_COMMENTS = YES;
				CLANG_WARN_EMPTY_BODY = YES;
				CLANG_WARN_ENUM_CONVERSION = YES;
				CLANG_WARN_INFINITE_RECURSION = YES;
				CLANG_WARN_INT_CONVERSION = YES;
				CLANG_WARN_NON_LITERAL_NULL_CONVERSION = YES;
				CLANG_WARN_OBJC_IMPLICIT_RETAIN_SELF = YES;
				CLANG_WARN_OBJC_LITERAL_CONVERSION = YES;
				CLANG_WARN_OBJC_ROOT_CLASS = YES_ERROR;
				CLANG_WARN_RANGE_LOOP_ANALYSIS = YES;
				CLANG_WARN_STRICT_PROTOTYPES = YES;
				CLANG_WARN_SUSPICIOUS_MOVE = YES;
				CLANG_WARN_UNGUARDED_AVAILABILITY = YES_AGGRESSIVE;
				CLANG_WARN_UNREACHABLE_CODE = YES;
				CLANG_WARN__DUPLICATE_METHOD_MATCH = YES;
				CODE_SIGN_IDENTITY = "iPhone Developer";
				COPY_PHASE_STRIP = NO;
				CURRENT_PROJECT_VERSION = 1;
				DEBUG_INFORMATION_FORMAT = dwarf;
				ENABLE_STRICT_OBJC_MSGSEND = YES;
				ENABLE_TESTABILITY = YES;
				GCC_C_LANGUAGE_STANDARD = gnu11;
				GCC_DYNAMIC_NO_PIC = NO;
				GCC_NO_COMMON_BLOCKS = YES;
				GCC_OPTIMIZATION_LEVEL = 0;
				GCC_PREPROCESSOR_DEFINITIONS = (
					"DEBUG=1",
					"$(inherited)",
				);
				GCC_WARN_64_TO_32_BIT_CONVERSION = YES;
				GCC_WARN_ABOUT_RETURN_TYPE = YES_ERROR;
				GCC_WARN_UNDECLARED_SELECTOR = YES;
				GCC_WARN_UNINITIALIZED_AUTOS = YES_AGGRESSIVE;
				GCC_WARN_UNUSED_FUNCTION = YES;
				GCC_WARN_UNUSED_VARIABLE = YES;
				IPHONEOS_DEPLOYMENT_TARGET = 12.2;
				MTL_ENABLE_DEBUG_INFO = INCLUDE_SOURCE;
				MTL_FAST_MATH = YES;
				ONLY_ACTIVE_ARCH = YES;
				SDKROOT = iphoneos;
				SWIFT_ACTIVE_COMPILATION_CONDITIONS = DEBUG;
				SWIFT_OPTIMIZATION_LEVEL = "-Onone";
				VERSIONING_SYSTEM = "apple-generic";
				VERSION_INFO_PREFIX = "";
			};
			name = Debug;
		};
		A838B70A2294E3220012166B /* Release */ = {
			isa = XCBuildConfiguration;
			buildSettings = {
				ALWAYS_SEARCH_USER_PATHS = NO;
				CLANG_ANALYZER_NONNULL = YES;
				CLANG_ANALYZER_NUMBER_OBJECT_CONVERSION = YES_AGGRESSIVE;
				CLANG_CXX_LANGUAGE_STANDARD = "gnu++14";
				CLANG_CXX_LIBRARY = "libc++";
				CLANG_ENABLE_MODULES = YES;
				CLANG_ENABLE_OBJC_ARC = YES;
				CLANG_ENABLE_OBJC_WEAK = YES;
				CLANG_WARN_BLOCK_CAPTURE_AUTORELEASING = YES;
				CLANG_WARN_BOOL_CONVERSION = YES;
				CLANG_WARN_COMMA = YES;
				CLANG_WARN_CONSTANT_CONVERSION = YES;
				CLANG_WARN_DEPRECATED_OBJC_IMPLEMENTATIONS = YES;
				CLANG_WARN_DIRECT_OBJC_ISA_USAGE = YES_ERROR;
				CLANG_WARN_DOCUMENTATION_COMMENTS = YES;
				CLANG_WARN_EMPTY_BODY = YES;
				CLANG_WARN_ENUM_CONVERSION = YES;
				CLANG_WARN_INFINITE_RECURSION = YES;
				CLANG_WARN_INT_CONVERSION = YES;
				CLANG_WARN_NON_LITERAL_NULL_CONVERSION = YES;
				CLANG_WARN_OBJC_IMPLICIT_RETAIN_SELF = YES;
				CLANG_WARN_OBJC_LITERAL_CONVERSION = YES;
				CLANG_WARN_OBJC_ROOT_CLASS = YES_ERROR;
				CLANG_WARN_RANGE_LOOP_ANALYSIS = YES;
				CLANG_WARN_STRICT_PROTOTYPES = YES;
				CLANG_WARN_SUSPICIOUS_MOVE = YES;
				CLANG_WARN_UNGUARDED_AVAILABILITY = YES_AGGRESSIVE;
				CLANG_WARN_UNREACHABLE_CODE = YES;
				CLANG_WARN__DUPLICATE_METHOD_MATCH = YES;
				CODE_SIGN_IDENTITY = "iPhone Developer";
				COPY_PHASE_STRIP = NO;
				CURRENT_PROJECT_VERSION = 1;
				DEBUG_INFORMATION_FORMAT = "dwarf-with-dsym";
				ENABLE_NS_ASSERTIONS = NO;
				ENABLE_STRICT_OBJC_MSGSEND = YES;
				GCC_C_LANGUAGE_STANDARD = gnu11;
				GCC_NO_COMMON_BLOCKS = YES;
				GCC_WARN_64_TO_32_BIT_CONVERSION = YES;
				GCC_WARN_ABOUT_RETURN_TYPE = YES_ERROR;
				GCC_WARN_UNDECLARED_SELECTOR = YES;
				GCC_WARN_UNINITIALIZED_AUTOS = YES_AGGRESSIVE;
				GCC_WARN_UNUSED_FUNCTION = YES;
				GCC_WARN_UNUSED_VARIABLE = YES;
				IPHONEOS_DEPLOYMENT_TARGET = 12.2;
				MTL_ENABLE_DEBUG_INFO = NO;
				MTL_FAST_MATH = YES;
				SDKROOT = iphoneos;
				SWIFT_COMPILATION_MODE = wholemodule;
				SWIFT_OPTIMIZATION_LEVEL = "-O";
				VALIDATE_PRODUCT = YES;
				VERSIONING_SYSTEM = "apple-generic";
				VERSION_INFO_PREFIX = "";
			};
			name = Release;
		};
		A838B70C2294E3220012166B /* Debug */ = {
			isa = XCBuildConfiguration;
			buildSettings = {
				CLANG_ENABLE_MODULES = YES;
				CODE_SIGN_IDENTITY = "";
				CODE_SIGN_STYLE = Automatic;
				DEFINES_MODULE = YES;
				DEVELOPMENT_TEAM = QTSLRTB9EH;
				DYLIB_COMPATIBILITY_VERSION = 1;
				DYLIB_CURRENT_VERSION = 1;
				DYLIB_INSTALL_NAME_BASE = "@rpath";
				INFOPLIST_FILE = KPDemo/Info.plist;
				INSTALL_PATH = "$(LOCAL_LIBRARY_DIR)/Frameworks";
				LD_RUNPATH_SEARCH_PATHS = (
					"$(inherited)",
					"@executable_path/Frameworks",
					"@loader_path/Frameworks",
				);
				MARKETING_VERSION = 0.0.6;
				PRODUCT_BUNDLE_IDENTIFIER = com.yume190.KPDemo;
				PRODUCT_NAME = "$(TARGET_NAME:c99extidentifier)";
				SKIP_INSTALL = YES;
				SWIFT_OPTIMIZATION_LEVEL = "-Onone";
				SWIFT_VERSION = 5.0;
				TARGETED_DEVICE_FAMILY = "1,2";
			};
			name = Debug;
		};
		A838B70D2294E3220012166B /* Release */ = {
			isa = XCBuildConfiguration;
			buildSettings = {
				CLANG_ENABLE_MODULES = YES;
				CODE_SIGN_IDENTITY = "";
				CODE_SIGN_STYLE = Automatic;
				DEFINES_MODULE = YES;
				DEVELOPMENT_TEAM = QTSLRTB9EH;
				DYLIB_COMPATIBILITY_VERSION = 1;
				DYLIB_CURRENT_VERSION = 1;
				DYLIB_INSTALL_NAME_BASE = "@rpath";
				INFOPLIST_FILE = KPDemo/Info.plist;
				INSTALL_PATH = "$(LOCAL_LIBRARY_DIR)/Frameworks";
				LD_RUNPATH_SEARCH_PATHS = (
					"$(inherited)",
					"@executable_path/Frameworks",
					"@loader_path/Frameworks",
				);
				MARKETING_VERSION = 0.0.6;
				PRODUCT_BUNDLE_IDENTIFIER = com.yume190.KPDemo;
				PRODUCT_NAME = "$(TARGET_NAME:c99extidentifier)";
				SKIP_INSTALL = YES;
				SWIFT_VERSION = 5.0;
				TARGETED_DEVICE_FAMILY = "1,2";
			};
			name = Release;
		};
/* End XCBuildConfiguration section */

/* Begin XCConfigurationList section */
		A838B6FD2294E3220012166B /* Build configuration list for PBXProject "KPDemo" */ = {
			isa = XCConfigurationList;
			buildConfigurations = (
				A838B7092294E3220012166B /* Debug */,
				A838B70A2294E3220012166B /* Release */,
			);
			defaultConfigurationIsVisible = 0;
			defaultConfigurationName = Release;
		};
		A838B70B2294E3220012166B /* Build configuration list for PBXNativeTarget "KPDemo" */ = {
			isa = XCConfigurationList;
			buildConfigurations = (
				A838B70C2294E3220012166B /* Debug */,
				A838B70D2294E3220012166B /* Release */,
			);
			defaultConfigurationIsVisible = 0;
			defaultConfigurationName = Release;
		};
/* End XCConfigurationList section */
	};
	rootObject = A838B6FA2294E3220012166B /* Project object */;
}
